
Microsoft Visual Studio Solution File, Format Version 12.00
# Visual Studio Version 16
VisualStudioVersion = 16.0.29215.179
MinimumVisualStudioVersion = 10.0.40219.1
Project("{9A19103F-16F7-4668-BE54-9A1E7A4F7556}") = "InventarioPaginaWeb", "InventarioPaginaWeb\InventarioPaginaWeb.csproj", "{8D47CCB4-2716-4255-8394-B74E7B72E2CB}"
EndProject
Global
	GlobalSection(SolutionConfigurationPlatforms) = preSolution
		Debug|Any CPU = Debug|Any CPU
		Release|Any CPU = Release|Any CPU
	EndGlobalSection
	GlobalSection(ProjectConfigurationPlatforms) = postSolution
		{8D47CCB4-2716-4255-8394-B74E7B72E2CB}.Debug|Any CPU.ActiveCfg = Debug|Any CPU
		{8D47CCB4-2716-4255-8394-B74E7B72E2CB}.Debug|Any CPU.Build.0 = Debug|Any CPU
		{8D47CCB4-2716-4255-8394-B74E7B72E2CB}.Release|Any CPU.ActiveCfg = Release|Any CPU
		{8D47CCB4-2716-4255-8394-B74E7B72E2CB}.Release|Any CPU.Build.0 = Release|Any CPU
	EndGlobalSection
	GlobalSection(SolutionProperties) = preSolution
		HideSolutionNode = FALSE
	EndGlobalSection
	GlobalSection(ExtensibilityGlobals) = postSolution
		SolutionGuid = {4481DB60-B536-4B80-B498-7CDD570ED1ED}
	EndGlobalSection
EndGlobal
